PODS:
  - RxSwift (6.7.1)
  - SwiftyJSON (5.0.2)

DEPENDENCIES:
  - RxSwift
  - SwiftyJSON

SPEC REPOS:
  trunk:
    - RxSwift
    - SwiftyJSON

SPEC CHECKSUMS:
  RxSwift: b9a93a26031785159e11abd40d1a55bcb8057e52
  SwiftyJSON: f5b1bf1cd8dd53cd25887ac0eabcfd92301c6a5a

PODFILE CHECKSUM: d00f79c16b6debc24a5bf6ee7d319e3ca337745a

COCOAPODS: 1.15.2
